<Solution>
  <Folder Name="/MeuDiarioSENAC.ConsoleApp/">
    <Project Path="MeuDiarioSENAC.ConsoleApp/MeuDiarioSENAC.ConsoleApp.csproj" />
  </Folder>
  <Project Path="MeuDiarioSENAC.Business/MeuDiarioSENAC.Business.csproj" />
  <Project Path="MeuDiarioSENAC.Data/MeuDiarioSENAC.Data.csproj" />
  <Project Path="MeuDiarioSENAC.Model/MeuDiarioSENAC.Model.csproj" />
</Solution>
